// !$*UTF8*$!
{
	archiveVersion = 1;
	classes = {
	};
	objectVersion = 48;
	objects = {

/* Begin PBXBuildFile section */
		5A0DB6BD1FFE667B00EA744B /* webtrekk_config.xml in Resources */ = {isa = PBXBuildFile; fileRef = 5A0DB6BC1FFE667B00EA744B /* webtrekk_config.xml */; };
		5ADEEEAC1FE8F9F6004C4F1A /* AppDelegate.swift in Sources */ = {isa = PBXBuildFile; fileRef = 5ADEEEAB1FE8F9F6004C4F1A /* AppDelegate.swift */; };
		5ADEEEAE1FE8F9F6004C4F1A /* ViewController.swift in Sources */ = {isa = PBXBuildFile; fileRef = 5ADEEEAD1FE8F9F6004C4F1A /* ViewController.swift */; };
		5ADEEEB11FE8F9F6004C4F1A /* Main.storyboard in Resources */ = {isa = PBXBuildFile; fileRef = 5ADEEEAF1FE8F9F6004C4F1A /* Main.storyboard */; };
		5ADEEEB31FE8F9F6004C4F1A /* Assets.xcassets in Resources */ = {isa = PBXBuildFile; fileRef = 5ADEEEB21FE8F9F6004C4F1A /* Assets.xcassets */; };
		5ADEEEB61FE8F9F6004C4F1A /* LaunchScreen.storyboard in Resources */ = {isa = PBXBuildFile; fileRef = 5ADEEEB41FE8F9F6004C4F1A /* LaunchScreen.storyboard */; };
		BF4D633B2EBEE9A8AA0C88DC /* Pods_WT_Test.framework in Frameworks */ = {isa = PBXBuildFile; fileRef = B6C14C733086CF03F7A6AFF2 /* Pods_WT_Test.framework */; };
/* End PBXBuildFile section */

/* Begin PBXFileReference section */
		0023D8B58E6B198A03D823C4 /* Pods-WT-Test.debug.xcconfig */ = {isa = PBXFileReference; includeInIndex = 1; lastKnownFileType = text.xcconfig; name = "Pods-WT-Test.debug.xcconfig"; path = "Pods/Target Support Files/Pods-WT-Test/Pods-WT-Test.debug.xcconfig"; sourceTree = "<group>"; };
		5A0DB6BC1FFE667B00EA744B /* webtrekk_config.xml */ = {isa = PBXFileReference; fileEncoding = 4; lastKnownFileType = text.xml; path = webtrekk_config.xml; sourceTree = "<group>"; };
		5ADEEEA81FE8F9F6004C4F1A /* WT-Test.app */ = {isa = PBXFileReference; explicitFileType = wrapper.application; includeInIndex = 0; path = "WT-Test.app"; sourceTree = BUILT_PRODUCTS_DIR; };
		5ADEEEAB1FE8F9F6004C4F1A /* AppDelegate.swift */ = {isa = PBXFileReference; lastKnownFileType = sourcecode.swift; path = AppDelegate.swift; sourceTree = "<group>"; };
		5ADEEEAD1FE8F9F6004C4F1A /* ViewController.swift */ = {isa = PBXFileReference; lastKnownFileType = sourcecode.swift; path = ViewController.swift; sourceTree = "<group>"; };
		5ADEEEB01FE8F9F6004C4F1A /* Base */ = {isa = PBXFileReference; lastKnownFileType = file.storyboard; name = Base; path = Base.lproj/Main.storyboard; sourceTree = "<group>"; };
		5ADEEEB21FE8F9F6004C4F1A /* Assets.xcassets */ = {isa = PBXFileReference; lastKnownFileType = folder.assetcatalog; path = Assets.xcassets; sourceTree = "<group>"; };
		5ADEEEB51FE8F9F6004C4F1A /* Base */ = {isa = PBXFileReference; lastKnownFileType = file.storyboard; name = Base; path = Base.lproj/LaunchScreen.storyboard; sourceTree = "<group>"; };
		5ADEEEB71FE8F9F6004C4F1A /* Info.plist */ = {isa = PBXFileReference; lastKnownFileType = text.plist.xml; path = Info.plist; sourceTree = "<group>"; };
		B6C14C733086CF03F7A6AFF2 /* Pods_WT_Test.framework */ = {isa = PBXFileReference; explicitFileType = wrapper.framework; includeInIndex = 0; path = Pods_WT_Test.framework; sourceTree = BUILT_PRODUCTS_DIR; };
		CF47612B6CE0601D9DC4F0BA /* Pods-WT-Test.release.xcconfig */ = {isa = PBXFileReference; includeInIndex = 1; lastKnownFileType = text.xcconfig; name = "Pods-WT-Test.release.xcconfig"; path = "Pods/Target Support Files/Pods-WT-Test/Pods-WT-Test.release.xcconfig"; sourceTree = "<group>"; };
/* End PBXFileReference section */

/* Begin PBXFrameworksBuildPhase section */
		5ADEEEA51FE8F9F6004C4F1A /* Frameworks */ = {
			isa = PBXFrameworksBuildPhase;
			buildActionMask = 2147483647;
			files = (
				BF4D633B2EBEE9A8AA0C88DC /* Pods_WT_Test.framework in Frameworks */,
			);
			runOnlyForDeploymentPostprocessing = 0;
		};
/* End PBXFrameworksBuildPhase section */

/* Begin PBXGroup section */
		143A7737BC68DFC77D27310E /* Pods */ = {
			isa = PBXGroup;
			children = (
				0023D8B58E6B198A03D823C4 /* Pods-WT-Test.debug.xcconfig */,
				CF47612B6CE0601D9DC4F0BA /* Pods-WT-Test.release.xcconfig */,
			);
			name = Pods;
			sourceTree = "<group>";
		};
		4E77FF81E57DB6AB75D377DD /* Frameworks */ = {
			isa = PBXGroup;
			children = (
				B6C14C733086CF03F7A6AFF2 /* Pods_WT_Test.framework */,
			);
			name = Frameworks;
			sourceTree = "<group>";
		};
		5ADEEE9F1FE8F9F6004C4F1A = {
			isa = PBXGroup;
			children = (
				5ADEEEAA1FE8F9F6004C4F1A /* WT-Test */,
				5ADEEEA91FE8F9F6004C4F1A /* Products */,
				143A7737BC68DFC77D27310E /* Pods */,
				4E77FF81E57DB6AB75D377DD /* Frameworks */,
			);
			sourceTree = "<group>";
		};
		5ADEEEA91FE8F9F6004C4F1A /* Products */ = {
			isa = PBXGroup;
			children = (
				5ADEEEA81FE8F9F6004C4F1A /* WT-Test.app */,
			);
			name = Products;
			sourceTree = "<group>";
		};
		5ADEEEAA1FE8F9F6004C4F1A /* WT-Test */ = {
			isa = PBXGroup;
			children = (
				5ADEEEAB1FE8F9F6004C4F1A /* AppDelegate.swift */,
				5ADEEEAD1FE8F9F6004C4F1A /* ViewController.swift */,
				5ADEEEAF1FE8F9F6004C4F1A /* Main.storyboard */,
				5ADEEEB21FE8F9F6004C4F1A /* Assets.xcassets */,
				5ADEEEB41FE8F9F6004C4F1A /* LaunchScreen.storyboard */,
				5A0DB6BC1FFE667B00EA744B /* webtrekk_config.xml */,
				5ADEEEB71FE8F9F6004C4F1A /* Info.plist */,
			);
			path = "WT-Test";
			sourceTree = "<group>";
		};
/* End PBXGroup section */

/* Begin PBXNativeTarget section */
		5ADEEEA71FE8F9F6004C4F1A /* WT-Test */ = {
			isa = PBXNativeTarget;
			buildConfigurationList = 5ADEEEBA1FE8F9F6004C4F1A /* Build configuration list for PBXNativeTarget "WT-Test" */;
			buildPhases = (
				5747803273E08D9AA55D6149 /* [CP] Check Pods Manifest.lock */,
				5ADEEEA41FE8F9F6004C4F1A /* Sources */,
				5ADEEEA51FE8F9F6004C4F1A /* Frameworks */,
				5ADEEEA61FE8F9F6004C4F1A /* Resources */,
				B57818F0420D3F29EBBB5E8E /* [CP] Embed Pods Frameworks */,
				54AE55C02E18C57848E69A15 /* [CP] Copy Pods Resources */,
			);
			buildRules = (
			);
			dependencies = (
			);
			name = "WT-Test";
			productName = "WT-Test";
			productReference = 5ADEEEA81FE8F9F6004C4F1A /* WT-Test.app */;
			productType = "com.apple.product-type.application";
		};
/* End PBXNativeTarget section */

/* Begin PBXProject section */
		5ADEEEA01FE8F9F6004C4F1A /* Project object */ = {
			isa = PBXProject;
			attributes = {
				LastSwiftUpdateCheck = 0910;
				LastUpgradeCheck = 0910;
				ORGANIZATIONNAME = "Martin Demiddel";
				TargetAttributes = {
					5ADEEEA71FE8F9F6004C4F1A = {
						CreatedOnToolsVersion = 9.1;
						ProvisioningStyle = Automatic;
					};
				};
			};
			buildConfigurationList = 5ADEEEA31FE8F9F6004C4F1A /* Build configuration list for PBXProject "WT-Test" */;
			compatibilityVersion = "Xcode 8.0";
			developmentRegion = en;
			hasScannedForEncodings = 0;
			knownRegions = (
				en,
				Base,
			);
			mainGroup = 5ADEEE9F1FE8F9F6004C4F1A;
			productRefGroup = 5ADEEEA91FE8F9F6004C4F1A /* Products */;
			projectDirPath = "";
			projectRoot = "";
			targets = (
				5ADEEEA71FE8F9F6004C4F1A /* WT-Test */,
			);
		};
/* End PBXProject section */

/* Begin PBXResourcesBuildPhase section */
		5ADEEEA61FE8F9F6004C4F1A /* Resources */ = {
			isa = PBXResourcesBuildPhase;
			buildActionMask = 2147483647;
			files = (
				5ADEEEB61FE8F9F6004C4F1A /* LaunchScreen.storyboard in Resources */,
				5ADEEEB31FE8F9F6004C4F1A /* Assets.xcassets in Resources */,
				5A0DB6BD1FFE667B00EA744B /* webtrekk_config.xml in Resources */,
				5ADEEEB11FE8F9F6004C4F1A /* Main.storyboard in Resources */,
			);
			runOnlyForDeploymentPostprocessing = 0;
		};
/* End PBXResourcesBuildPhase section */

/* Begin PBXShellScriptBuildPhase section */
		54AE55C02E18C57848E69A15 /* [CP] Copy Pods Resources */ = {
			isa = PBXShellScriptBuildPhase;
			buildActionMask = 2147483647;
			files = (
			);
			inputPaths = (
			);
			name = "[CP] Copy Pods Resources";
			outputPaths = (
			);
			runOnlyForDeploymentPostprocessing = 0;
			shellPath = /bin/sh;
			shellScript = "\"${SRCROOT}/Pods/Target Support Files/Pods-WT-Test/Pods-WT-Test-resources.sh\"\n";
			showEnvVarsInLog = 0;
		};
		5747803273E08D9AA55D6149 /* [CP] Check Pods Manifest.lock */ = {
			isa = PBXShellScriptBuildPhase;
			buildActionMask = 2147483647;
			files = (
			);
			inputPaths = (
				"${PODS_PODFILE_DIR_PATH}/Podfile.lock",
				"${PODS_ROOT}/Manifest.lock",
			);
			name = "[CP] Check Pods Manifest.lock";
			outputPaths = (
				"$(DERIVED_FILE_DIR)/Pods-WT-Test-checkManifestLockResult.txt",
			);
			runOnlyForDeploymentPostprocessing = 0;
			shellPath = /bin/sh;
			shellScript = "diff \"${PODS_PODFILE_DIR_PATH}/Podfile.lock\" \"${PODS_ROOT}/Manifest.lock\" > /dev/null\nif [ $? != 0 ] ; then\n    # print error to STDERR\n    echo \"error: The sandbox is not in sync with the Podfile.lock. Run 'pod install' or update your CocoaPods installation.\" >&2\n    exit 1\nfi\n# This output is used by Xcode 'outputs' to avoid re-running this script phase.\necho \"SUCCESS\" > \"${SCRIPT_OUTPUT_FILE_0}\"\n";
			showEnvVarsInLog = 0;
		};
		B57818F0420D3F29EBBB5E8E /* [CP] Embed Pods Frameworks */ = {
			isa = PBXShellScriptBuildPhase;
			buildActionMask = 2147483647;
			files = (
			);
			inputPaths = (
				"${SRCROOT}/Pods/Target Support Files/Pods-WT-Test/Pods-WT-Test-frameworks.sh",
				"${BUILT_PRODUCTS_DIR}/ReachabilitySwift/ReachabilitySwift.framework",
				"${BUILT_PRODUCTS_DIR}/Webtrekk/Webtrekk.framework",
			);
			name = "[CP] Embed Pods Frameworks";
			outputPaths = (
				"${TARGET_BUILD_DIR}/${FRAMEWORKS_FOLDER_PATH}/ReachabilitySwift.framework",
				"${TARGET_BUILD_DIR}/${FRAMEWORKS_FOLDER_PATH}/Webtrekk.framework",
			);
			runOnlyForDeploymentPostprocessing = 0;
			shellPath = /bin/sh;
			shellScript = "\"${SRCROOT}/Pods/Target Support Files/Pods-WT-Test/Pods-WT-Test-frameworks.sh\"\n";
			showEnvVarsInLog = 0;
		};
/* End PBXShellScriptBuildPhase section */

/* Begin PBXSourcesBuildPhase section */
		5ADEEEA41FE8F9F6004C4F1A /* Sources */ = {
			isa = PBXSourcesBuildPhase;
			buildActionMask = 2147483647;
			files = (
				5ADEEEAE1FE8F9F6004C4F1A /* ViewController.swift in Sources */,
				5ADEEEAC1FE8F9F6004C4F1A /* AppDelegate.swift in Sources */,
			);
			runOnlyForDeploymentPostprocessing = 0;
		};
/* End PBXSourcesBuildPhase section */

/* Begin PBXVariantGroup section */
		5ADEEEAF1FE8F9F6004C4F1A /* Main.storyboard */ = {
			isa = PBXVariantGroup;
			children = (
				5ADEEEB01FE8F9F6004C4F1A /* Base */,
			);
			name = Main.storyboard;
			sourceTree = "<group>";
		};
		5ADEEEB41FE8F9F6004C4F1A /* LaunchScreen.storyboard */ = {
			isa = PBXVariantGroup;
			children = (
				5ADEEEB51FE8F9F6004C4F1A /* Base */,
			);
			name = LaunchScreen.storyboard;
			sourceTree = "<group>";
		};
/* End PBXVariantGroup section */

/* Begin XCBuildConfiguration section */
		5ADEEEB81FE8F9F6004C4F1A /* Debug */ = {
			isa = XCBuildConfiguration;
			buildSettings = {
				ALWAYS_SEARCH_USER_PATHS = NO;
				CLANG_ANALYZER_NONNULL = YES;
				CLANG_ANALYZER_NUMBER_OBJECT_CONVERSION = YES_AGGRESSIVE;
				CLANG_CXX_LANGUAGE_STANDARD = "gnu++14";
				CLANG_CXX_LIBRARY = "libc++";
				CLANG_ENABLE_MODULES = YES;
				CLANG_ENABLE_OBJC_ARC = YES;
				CLANG_WARN_BLOCK_CAPTURE_AUTORELEASING = YES;
				CLANG_WARN_BOOL_CONVERSION = YES;
				CLANG_WARN_COMMA = YES;
				CLANG_WARN_CONSTANT_CONVERSION = YES;
				CLANG_WARN_DIRECT_OBJC_ISA_USAGE = YES_ERROR;
				CLANG_WARN_DOCUMENTATION_COMMENTS = YES;
				CLANG_WARN_EMPTY_BODY = YES;
				CLANG_WARN_ENUM_CONVERSION = YES;
				CLANG_WARN_INFINITE_RECURSION = YES;
				CLANG_WARN_INT_CONVERSION = YES;
				CLANG_WARN_NON_LITERAL_NULL_CONVERSION = YES;
				CLANG_WARN_OBJC_LITERAL_CONVERSION = YES;
				CLANG_WARN_OBJC_ROOT_CLASS = YES_ERROR;
				CLANG_WARN_RANGE_LOOP_ANALYSIS = YES;
				CLANG_WARN_STRICT_PROTOTYPES = YES;
				CLANG_WARN_SUSPICIOUS_MOVE = YES;
				CLANG_WARN_UNGUARDED_AVAILABILITY = YES_AGGRESSIVE;
				CLANG_WARN_UNREACHABLE_CODE = YES;
				CLANG_WARN__DUPLICATE_METHOD_MATCH = YES;
				CODE_SIGN_IDENTITY = "iPhone Developer";
				COPY_PHASE_STRIP = NO;
				DEBUG_INFORMATION_FORMAT = dwarf;
				ENABLE_STRICT_OBJC_MSGSEND = YES;
				ENABLE_TESTABILITY = YES;
				GCC_C_LANGUAGE_STANDARD = gnu11;
				GCC_DYNAMIC_NO_PIC = NO;
				GCC_NO_COMMON_BLOCKS = YES;
				GCC_OPTIMIZATION_LEVEL = 0;
				GCC_PREPROCESSOR_DEFINITIONS = (
					"DEBUG=1",
					"$(inherited)",
				);
				GCC_WARN_64_TO_32_BIT_CONVERSION = YES;
				GCC_WARN_ABOUT_RETURN_TYPE = YES_ERROR;
				GCC_WARN_UNDECLARED_SELECTOR = YES;
				GCC_WARN_UNINITIALIZED_AUTOS = YES_AGGRESSIVE;
				GCC_WARN_UNUSED_FUNCTION = YES;
				GCC_WARN_UNUSED_VARIABLE = YES;
				IPHONEOS_DEPLOYMENT_TARGET = 11.1;
				MTL_ENABLE_DEBUG_INFO = YES;
				ONLY_ACTIVE_ARCH = YES;
				SDKROOT = iphoneos;
				SWIFT_ACTIVE_COMPILATION_CONDITIONS = DEBUG;
				SWIFT_OPTIMIZATION_LEVEL = "-Onone";
			};
			name = Debug;
		};
		5ADEEEB91FE8F9F6004C4F1A /* Release */ = {
			isa = XCBuildConfiguration;
			buildSettings = {
				ALWAYS_SEARCH_USER_PATHS = NO;
				CLANG_ANALYZER_NONNULL = YES;
				CLANG_ANALYZER_NUMBER_OBJECT_CONVERSION = YES_AGGRESSIVE;
				CLANG_CXX_LANGUAGE_STANDARD = "gnu++14";
				CLANG_CXX_LIBRARY = "libc++";
				CLANG_ENABLE_MODULES = YES;
				CLANG_ENABLE_OBJC_ARC = YES;
				CLANG_WARN_BLOCK_CAPTURE_AUTORELEASING = YES;
				CLANG_WARN_BOOL_CONVERSION = YES;
				CLANG_WARN_COMMA = YES;
				CLANG_WARN_CONSTANT_CONVERSION = YES;
				CLANG_WARN_DIRECT_OBJC_ISA_USAGE = YES_ERROR;
				CLANG_WARN_DOCUMENTATION_COMMENTS = YES;
				CLANG_WARN_EMPTY_BODY = YES;
				CLANG_WARN_ENUM_CONVERSION = YES;
				CLANG_WARN_INFINITE_RECURSION = YES;
				CLANG_WARN_INT_CONVERSION = YES;
				CLANG_WARN_NON_LITERAL_NULL_CONVERSION = YES;
				CLANG_WARN_OBJC_LITERAL_CONVERSION = YES;
				CLANG_WARN_OBJC_ROOT_CLASS = YES_ERROR;
				CLANG_WARN_RANGE_LOOP_ANALYSIS = YES;
				CLANG_WARN_STRICT_PROTOTYPES = YES;
				CLANG_WARN_SUSPICIOUS_MOVE = YES;
				CLANG_WARN_UNGUARDED_AVAILABILITY = YES_AGGRESSIVE;
				CLANG_WARN_UNREACHABLE_CODE = YES;
				CLANG_WARN__DUPLICATE_METHOD_MATCH = YES;
				CODE_SIGN_IDENTITY = "iPhone Developer";
				COPY_PHASE_STRIP = NO;
				DEBUG_INFORMATION_FORMAT = "dwarf-with-dsym";
				ENABLE_NS_ASSERTIONS = NO;
				ENABLE_STRICT_OBJC_MSGSEND = YES;
				GCC_C_LANGUAGE_STANDARD = gnu11;
				GCC_NO_COMMON_BLOCKS = YES;
				GCC_WARN_64_TO_32_BIT_CONVERSION = YES;
				GCC_WARN_ABOUT_RETURN_TYPE = YES_ERROR;
				GCC_WARN_UNDECLARED_SELECTOR = YES;
				GCC_WARN_UNINITIALIZED_AUTOS = YES_AGGRESSIVE;
				GCC_WARN_UNUSED_FUNCTION = YES;
				GCC_WARN_UNUSED_VARIABLE = YES;
				IPHONEOS_DEPLOYMENT_TARGET = 11.1;
				MTL_ENABLE_DEBUG_INFO = NO;
				SDKROOT = iphoneos;
				SWIFT_OPTIMIZATION_LEVEL = "-Owholemodule";
				VALIDATE_PRODUCT = YES;
			};
			name = Release;
		};
		5ADEEEBB1FE8F9F6004C4F1A /* Debug */ = {
			isa = XCBuildConfiguration;
			baseConfigurationReference = 0023D8B58E6B198A03D823C4 /* Pods-WT-Test.debug.xcconfig */;
			buildSettings = {
				ASSETCATALOG_COMPILER_APPICON_NAME = AppIcon;
				CODE_SIGN_STYLE = Automatic;
				DEVELOPMENT_TEAM = B7E25J2PRJ;
				INFOPLIST_FILE = "WT-Test/Info.plist";
				LD_RUNPATH_SEARCH_PATHS = "$(inherited) @executable_path/Frameworks";
				PRODUCT_BUNDLE_IDENTIFIER = "com.martinbing.WT-Test";
				PRODUCT_NAME = "$(TARGET_NAME)";
				SWIFT_VERSION = 4.0;
				TARGETED_DEVICE_FAMILY = "1,2";
			};
			name = Debug;
		};
		5ADEEEBC1FE8F9F6004C4F1A /* Release */ = {
			isa = XCBuildConfiguration;
			baseConfigurationReference = CF47612B6CE0601D9DC4F0BA /* Pods-WT-Test.release.xcconfig */;
			buildSettings = {
				ASSETCATALOG_COMPILER_APPICON_NAME = AppIcon;
				CODE_SIGN_STYLE = Automatic;
				DEVELOPMENT_TEAM = B7E25J2PRJ;
				INFOPLIST_FILE = "WT-Test/Info.plist";
				LD_RUNPATH_SEARCH_PATHS = "$(inherited) @executable_path/Frameworks";
				PRODUCT_BUNDLE_IDENTIFIER = "com.martinbing.WT-Test";
				PRODUCT_NAME = "$(TARGET_NAME)";
				SWIFT_VERSION = 4.0;
				TARGETED_DEVICE_FAMILY = "1,2";
			};
			name = Release;
		};
/* End XCBuildConfiguration section */

/* Begin XCConfigurationList section */
		5ADEEEA31FE8F9F6004C4F1A /* Build configuration list for PBXProject "WT-Test" */ = {
			isa = XCConfigurationList;
			buildConfigurations = (
				5ADEEEB81FE8F9F6004C4F1A /* Debug */,
				5ADEEEB91FE8F9F6004C4F1A /* Release */,
			);
			defaultConfigurationIsVisible = 0;
			defaultConfigurationName = Release;
		};
		5ADEEEBA1FE8F9F6004C4F1A /* Build configuration list for PBXNativeTarget "WT-Test" */ = {
			isa = XCConfigurationList;
			buildConfigurations = (
				5ADEEEBB1FE8F9F6004C4F1A /* Debug */,
				5ADEEEBC1FE8F9F6004C4F1A /* Release */,
			);
			defaultConfigurationIsVisible = 0;
			defaultConfigurationName = Release;
		};
/* End XCConfigurationList section */
	};
	rootObject = 5ADEEEA01FE8F9F6004C4F1A /* Project object */;
}
